// !$*UTF8*$!
{
	archiveVersion = 1;
	classes = {
	};
	objectVersion = 50;
	objects = {

/* Begin PBXBuildFile section */
		8E3D48D026D92A67008270B0 /* AppDelegate.swift in Sources */ = {isa = PBXBuildFile; fileRef = 8E3D48CF26D92A67008270B0 /* AppDelegate.swift */; };
		8E3D48D226D92A67008270B0 /* SceneDelegate.swift in Sources */ = {isa = PBXBuildFile; fileRef = 8E3D48D126D92A67008270B0 /* SceneDelegate.swift */; };
		8E3D48D426D92A67008270B0 /* ViewController.swift in Sources */ = {isa = PBXBuildFile; fileRef = 8E3D48D326D92A67008270B0 /* ViewController.swift */; };
		8E3D48D726D92A67008270B0 /* Main.storyboard in Resources */ = {isa = PBXBuildFile; fileRef = 8E3D48D526D92A67008270B0 /* Main.storyboard */; };
		8E3D48D926D92A67008270B0 /* Assets.xcassets in Resources */ = {isa = PBXBuildFile; fileRef = 8E3D48D826D92A67008270B0 /* Assets.xcassets */; };
		8E3D48DC26D92A67008270B0 /* LaunchScreen.storyboard in Resources */ = {isa = PBXBuildFile; fileRef = 8E3D48DA26D92A67008270B0 /* LaunchScreen.storyboard */; };
		8E3D48E526D92DF4008270B0 /* Delm-Medium.otf in Resources */ = {isa = PBXBuildFile; fileRef = 8E3D48E326D92DF4008270B0 /* Delm-Medium.otf */; };
		8E3D48E626D92DF4008270B0 /* ThirstySoftRegular.otf in Resources */ = {isa = PBXBuildFile; fileRef = 8E3D48E426D92DF4008270B0 /* ThirstySoftRegular.otf */; };
/* End PBXBuildFile section */

/* Begin PBXFileReference section */
		8E3D48CC26D92A67008270B0 /* Instagrid_app_autoLayout.app */ = {isa = PBXFileReference; explicitFileType = wrapper.application; includeInIndex = 0; path = Instagrid_app_autoLayout.app; sourceTree = BUILT_PRODUCTS_DIR; };
		8E3D48CF26D92A67008270B0 /* AppDelegate.swift */ = {isa = PBXFileReference; lastKnownFileType = sourcecode.swift; path = AppDelegate.swift; sourceTree = "<group>"; };
		8E3D48D126D92A67008270B0 /* SceneDelegate.swift */ = {isa = PBXFileReference; lastKnownFileType = sourcecode.swift; path = SceneDelegate.swift; sourceTree = "<group>"; };
		8E3D48D326D92A67008270B0 /* ViewController.swift */ = {isa = PBXFileReference; lastKnownFileType = sourcecode.swift; path = ViewController.swift; sourceTree = "<group>"; };
		8E3D48D626D92A67008270B0 /* Base */ = {isa = PBXFileReference; lastKnownFileType = file.storyboard; name = Base; path = Base.lproj/Main.storyboard; sourceTree = "<group>"; };
		8E3D48D826D92A67008270B0 /* Assets.xcassets */ = {isa = PBXFileReference; lastKnownFileType = folder.assetcatalog; path = Assets.xcassets; sourceTree = "<group>"; };
		8E3D48DB26D92A67008270B0 /* Base */ = {isa = PBXFileReference; lastKnownFileType = file.storyboard; name = Base; path = Base.lproj/LaunchScreen.storyboard; sourceTree = "<group>"; };
		8E3D48DD26D92A67008270B0 /* Info.plist */ = {isa = PBXFileReference; lastKnownFileType = text.plist.xml; path = Info.plist; sourceTree = "<group>"; };
		8E3D48E326D92DF4008270B0 /* Delm-Medium.otf */ = {isa = PBXFileReference; lastKnownFileType = file; path = "Delm-Medium.otf"; sourceTree = "<group>"; };
		8E3D48E426D92DF4008270B0 /* ThirstySoftRegular.otf */ = {isa = PBXFileReference; lastKnownFileType = file; path = ThirstySoftRegular.otf; sourceTree = "<group>"; };
/* End PBXFileReference section */

/* Begin PBXFrameworksBuildPhase section */
		8E3D48C926D92A67008270B0 /* Frameworks */ = {
			isa = PBXFrameworksBuildPhase;
			buildActionMask = 2147483647;
			files = (
			);
			runOnlyForDeploymentPostprocessing = 0;
		};
/* End PBXFrameworksBuildPhase section */

/* Begin PBXGroup section */
		8E02DD2426E7A53500E3302F /* Controller */ = {
			isa = PBXGroup;
			children = (
				8E3D48D326D92A67008270B0 /* ViewController.swift */,
			);
			path = Controller;
			sourceTree = "<group>";
		};
		8E02DD2526E7A54C00E3302F /* View */ = {
			isa = PBXGroup;
			children = (
				8E3D48D526D92A67008270B0 /* Main.storyboard */,
			);
			path = View;
			sourceTree = "<group>";
		};
		8E02DD2626E7A5AE00E3302F /* Supporting files */ = {
			isa = PBXGroup;
			children = (
				8E3D48DA26D92A67008270B0 /* LaunchScreen.storyboard */,
				8E3D48E326D92DF4008270B0 /* Delm-Medium.otf */,
				8E3D48E426D92DF4008270B0 /* ThirstySoftRegular.otf */,
				8E3D48DD26D92A67008270B0 /* Info.plist */,
				8E3D48CF26D92A67008270B0 /* AppDelegate.swift */,
				8E3D48D126D92A67008270B0 /* SceneDelegate.swift */,
				8E3D48D826D92A67008270B0 /* Assets.xcassets */,
			);
			path = "Supporting files";
			sourceTree = "<group>";
		};
		8E3D48C326D92A67008270B0 = {
			isa = PBXGroup;
			children = (
				8E3D48CE26D92A67008270B0 /* Instagrid_app_autoLayout */,
				8E3D48CD26D92A67008270B0 /* Products */,
			);
			sourceTree = "<group>";
		};
		8E3D48CD26D92A67008270B0 /* Products */ = {
			isa = PBXGroup;
			children = (
				8E3D48CC26D92A67008270B0 /* Instagrid_app_autoLayout.app */,
			);
			name = Products;
			sourceTree = "<group>";
		};
		8E3D48CE26D92A67008270B0 /* Instagrid_app_autoLayout */ = {
			isa = PBXGroup;
			children = (
				8E02DD2426E7A53500E3302F /* Controller */,
				8E02DD2526E7A54C00E3302F /* View */,
				8E02DD2626E7A5AE00E3302F /* Supporting files */,
			);
			path = Instagrid_app_autoLayout;
			sourceTree = "<group>";
		};
/* End PBXGroup section */

/* Begin PBXNativeTarget section */
		8E3D48CB26D92A67008270B0 /* Instagrid_app_autoLayout */ = {
			isa = PBXNativeTarget;
			buildConfigurationList = 8E3D48E026D92A67008270B0 /* Build configuration list for PBXNativeTarget "Instagrid_app_autoLayout" */;
			buildPhases = (
				8E3D48C826D92A67008270B0 /* Sources */,
				8E3D48C926D92A67008270B0 /* Frameworks */,
				8E3D48CA26D92A67008270B0 /* Resources */,
			);
			buildRules = (
			);
			dependencies = (
			);
			name = Instagrid_app_autoLayout;
			productName = Instagrid_app_autoLayout;
			productReference = 8E3D48CC26D92A67008270B0 /* Instagrid_app_autoLayout.app */;
			productType = "com.apple.product-type.application";
		};
/* End PBXNativeTarget section */

/* Begin PBXProject section */
		8E3D48C426D92A67008270B0 /* Project object */ = {
			isa = PBXProject;
			attributes = {
				LastSwiftUpdateCheck = 1250;
				LastUpgradeCheck = 1250;
				TargetAttributes = {
					8E3D48CB26D92A67008270B0 = {
						CreatedOnToolsVersion = 12.5.1;
					};
				};
			};
			buildConfigurationList = 8E3D48C726D92A67008270B0 /* Build configuration list for PBXProject "Instagrid_app_autoLayout" */;
			compatibilityVersion = "Xcode 9.3";
			developmentRegion = en;
			hasScannedForEncodings = 0;
			knownRegions = (
				en,
				Base,
			);
			mainGroup = 8E3D48C326D92A67008270B0;
			productRefGroup = 8E3D48CD26D92A67008270B0 /* Products */;
			projectDirPath = "";
			projectRoot = "";
			targets = (
				8E3D48CB26D92A67008270B0 /* Instagrid_app_autoLayout */,
			);
		};
/* End PBXProject section */

/* Begin PBXResourcesBuildPhase section */
		8E3D48CA26D92A67008270B0 /* Resources */ = {
			isa = PBXResourcesBuildPhase;
			buildActionMask = 2147483647;
			files = (
				8E3D48DC26D92A67008270B0 /* LaunchScreen.storyboard in Resources */,
				8E3D48D926D92A67008270B0 /* Assets.xcassets in Resources */,
				8E3D48E626D92DF4008270B0 /* ThirstySoftRegular.otf in Resources */,
				8E3D48E526D92DF4008270B0 /* Delm-Medium.otf in Resources */,
				8E3D48D726D92A67008270B0 /* Main.storyboard in Resources */,
			);
			runOnlyForDeploymentPostprocessing = 0;
		};
/* End PBXResourcesBuildPhase section */

/* Begin PBXSourcesBuildPhase section */
		8E3D48C826D92A67008270B0 /* Sources */ = {
			isa = PBXSourcesBuildPhase;
			buildActionMask = 2147483647;
			files = (
				8E3D48D426D92A67008270B0 /* ViewController.swift in Sources */,
				8E3D48D026D92A67008270B0 /* AppDelegate.swift in Sources */,
				8E3D48D226D92A67008270B0 /* SceneDelegate.swift in Sources */,
			);
			runOnlyForDeploymentPostprocessing = 0;
		};
/* End PBXSourcesBuildPhase section */

/* Begin PBXVariantGroup section */
		8E3D48D526D92A67008270B0 /* Main.storyboard */ = {
			isa = PBXVariantGroup;
			children = (
				8E3D48D626D92A67008270B0 /* Base */,
			);
			name = Main.storyboard;
			sourceTree = "<group>";
		};
		8E3D48DA26D92A67008270B0 /* LaunchScreen.storyboard */ = {
			isa = PBXVariantGroup;
			children = (
				8E3D48DB26D92A67008270B0 /* Base */,
			);
			name = LaunchScreen.storyboard;
			sourceTree = "<group>";
		};
/* End PBXVariantGroup section */

/* Begin XCBuildConfiguration section */
		8E3D48DE26D92A67008270B0 /* Debug */ = {
			isa = XCBuildConfiguration;
			buildSettings = {
				ALWAYS_SEARCH_USER_PATHS = NO;
				CLANG_ANALYZER_NONNULL = YES;
				CLANG_ANALYZER_NUMBER_OBJECT_CONVERSION = YES_AGGRESSIVE;
				CLANG_CXX_LANGUAGE_STANDARD = "gnu++14";
				CLANG_CXX_LIBRARY = "libc++";
				CLANG_ENABLE_MODULES = YES;
				CLANG_ENABLE_OBJC_ARC = YES;
				CLANG_ENABLE_OBJC_WEAK = YES;
				CLANG_WARN_BLOCK_CAPTURE_AUTORELEASING = YES;
				CLANG_WARN_BOOL_CONVERSION = YES;
				CLANG_WARN_COMMA = YES;
				CLANG_WARN_CONSTANT_CONVERSION = YES;
				CLANG_WARN_DEPRECATED_OBJC_IMPLEMENTATIONS = YES;
				CLANG_WARN_DIRECT_OBJC_ISA_USAGE = YES_ERROR;
				CLANG_WARN_DOCUMENTATION_COMMENTS = YES;
				CLANG_WARN_EMPTY_BODY = YES;
				CLANG_WARN_ENUM_CONVERSION = YES;
				CLANG_WARN_INFINITE_RECURSION = YES;
				CLANG_WARN_INT_CONVERSION = YES;
				CLANG_WARN_NON_LITERAL_NULL_CONVERSION = YES;
				CLANG_WARN_OBJC_IMPLICIT_RETAIN_SELF = YES;
				CLANG_WARN_OBJC_LITERAL_CONVERSION = YES;
				CLANG_WARN_OBJC_ROOT_CLASS = YES_ERROR;
				CLANG_WARN_QUOTED_INCLUDE_IN_FRAMEWORK_HEADER = YES;
				CLANG_WARN_RANGE_LOOP_ANALYSIS = YES;
				CLANG_WARN_STRICT_PROTOTYPES = YES;
				CLANG_WARN_SUSPICIOUS_MOVE = YES;
				CLANG_WARN_UNGUARDED_AVAILABILITY = YES_AGGRESSIVE;
				CLANG_WARN_UNREACHABLE_CODE = YES;
				CLANG_WARN__DUPLICATE_METHOD_MATCH = YES;
				COPY_PHASE_STRIP = NO;
				DEBUG_INFORMATION_FORMAT = dwarf;
				ENABLE_STRICT_OBJC_MSGSEND = YES;
				ENABLE_TESTABILITY = YES;
				GCC_C_LANGUAGE_STANDARD = gnu11;
				GCC_DYNAMIC_NO_PIC = NO;
				GCC_NO_COMMON_BLOCKS = YES;
				GCC_OPTIMIZATION_LEVEL = 0;
				GCC_PREPROCESSOR_DEFINITIONS = (
					"DEBUG=1",
					"$(inherited)",
				);
				GCC_WARN_64_TO_32_BIT_CONVERSION = YES;
				GCC_WARN_ABOUT_RETURN_TYPE = YES_ERROR;
				GCC_WARN_UNDECLARED_SELECTOR = YES;
				GCC_WARN_UNINITIALIZED_AUTOS = YES_AGGRESSIVE;
				GCC_WARN_UNUSED_FUNCTION = YES;
				GCC_WARN_UNUSED_VARIABLE = YES;
				IPHONEOS_DEPLOYMENT_TARGET = 14.5;
				MTL_ENABLE_DEBUG_INFO = INCLUDE_SOURCE;
				MTL_FAST_MATH = YES;
				ONLY_ACTIVE_ARCH = YES;
				SDKROOT = iphoneos;
				SWIFT_ACTIVE_COMPILATION_CONDITIONS = DEBUG;
				SWIFT_OPTIMIZATION_LEVEL = "-Onone";
			};
			name = Debug;
		};
		8E3D48DF26D92A67008270B0 /* Release */ = {
			isa = XCBuildConfiguration;
			buildSettings = {
				ALWAYS_SEARCH_USER_PATHS = NO;
				CLANG_ANALYZER_NONNULL = YES;
				CLANG_ANALYZER_NUMBER_OBJECT_CONVERSION = YES_AGGRESSIVE;
				CLANG_CXX_LANGUAGE_STANDARD = "gnu++14";
				CLANG_CXX_LIBRARY = "libc++";
				CLANG_ENABLE_MODULES = YES;
				CLANG_ENABLE_OBJC_ARC = YES;
				CLANG_ENABLE_OBJC_WEAK = YES;
				CLANG_WARN_BLOCK_CAPTURE_AUTORELEASING = YES;
				CLANG_WARN_BOOL_CONVERSION = YES;
				CLANG_WARN_COMMA = YES;
				CLANG_WARN_CONSTANT_CONVERSION = YES;
				CLANG_WARN_DEPRECATED_OBJC_IMPLEMENTATIONS = YES;
				CLANG_WARN_DIRECT_OBJC_ISA_USAGE = YES_ERROR;
				CLANG_WARN_DOCUMENTATION_COMMENTS = YES;
				CLANG_WARN_EMPTY_BODY = YES;
				CLANG_WARN_ENUM_CONVERSION = YES;
				CLANG_WARN_INFINITE_RECURSION = YES;
				CLANG_WARN_INT_CONVERSION = YES;
				CLANG_WARN_NON_LITERAL_NULL_CONVERSION = YES;
				CLANG_WARN_OBJC_IMPLICIT_RETAIN_SELF = YES;
				CLANG_WARN_OBJC_LITERAL_CONVERSION = YES;
				CLANG_WARN_OBJC_ROOT_CLASS = YES_ERROR;
				CLANG_WARN_QUOTED_INCLUDE_IN_FRAMEWORK_HEADER = YES;
				CLANG_WARN_RANGE_LOOP_ANALYSIS = YES;
				CLANG_WARN_STRICT_PROTOTYPES = YES;
				CLANG_WARN_SUSPICIOUS_MOVE = YES;
				CLANG_WARN_UNGUARDED_AVAILABILITY = YES_AGGRESSIVE;
				CLANG_WARN_UNREACHABLE_CODE = YES;
				CLANG_WARN__DUPLICATE_METHOD_MATCH = YES;
				COPY_PHASE_STRIP = NO;
				DEBUG_INFORMATION_FORMAT = "dwarf-with-dsym";
				ENABLE_NS_ASSERTIONS = NO;
				ENABLE_STRICT_OBJC_MSGSEND = YES;
				GCC_C_LANGUAGE_STANDARD = gnu11;
				GCC_NO_COMMON_BLOCKS = YES;
				GCC_WARN_64_TO_32_BIT_CONVERSION = YES;
				GCC_WARN_ABOUT_RETURN_TYPE = YES_ERROR;
				GCC_WARN_UNDECLARED_SELECTOR = YES;
				GCC_WARN_UNINITIALIZED_AUTOS = YES_AGGRESSIVE;
				GCC_WARN_UNUSED_FUNCTION = YES;
				GCC_WARN_UNUSED_VARIABLE = YES;
				IPHONEOS_DEPLOYMENT_TARGET = 14.5;
				MTL_ENABLE_DEBUG_INFO = NO;
				MTL_FAST_MATH = YES;
				SDKROOT = iphoneos;
				SWIFT_COMPILATION_MODE = wholemodule;
				SWIFT_OPTIMIZATION_LEVEL = "-O";
				VALIDATE_PRODUCT = YES;
			};
			name = Release;
		};
		8E3D48E126D92A67008270B0 /* Debug */ = {
			isa = XCBuildConfiguration;
			buildSettings = {
				ASSETCATALOG_COMPILER_APPICON_NAME = AppIcon;
				ASSETCATALOG_COMPILER_GLOBAL_ACCENT_COLOR_NAME = AccentColor;
				CODE_SIGN_STYLE = Automatic;
				DEVELOPMENT_TEAM = F45V59J67N;
				INFOPLIST_FILE = Instagrid_app_autoLayout/Info.plist;
				LD_RUNPATH_SEARCH_PATHS = (
					"$(inherited)",
					"@executable_path/Frameworks",
				);
				PRODUCT_BUNDLE_IDENTIFIER = "Meli.Instagrid-app-autoLayout";
				PRODUCT_NAME = "$(TARGET_NAME)";
				SWIFT_VERSION = 5.0;
				TARGETED_DEVICE_FAMILY = "1,2";
			};
			name = Debug;
		};
		8E3D48E226D92A67008270B0 /* Release */ = {
			isa = XCBuildConfiguration;
			buildSettings = {
				ASSETCATALOG_COMPILER_APPICON_NAME = AppIcon;
				ASSETCATALOG_COMPILER_GLOBAL_ACCENT_COLOR_NAME = AccentColor;
				CODE_SIGN_STYLE = Automatic;
				DEVELOPMENT_TEAM = F45V59J67N;
				INFOPLIST_FILE = Instagrid_app_autoLayout/Info.plist;
				LD_RUNPATH_SEARCH_PATHS = (
					"$(inherited)",
					"@executable_path/Frameworks",
				);
				PRODUCT_BUNDLE_IDENTIFIER = "Meli.Instagrid-app-autoLayout";
				PRODUCT_NAME = "$(TARGET_NAME)";
				SWIFT_VERSION = 5.0;
				TARGETED_DEVICE_FAMILY = "1,2";
			};
			name = Release;
		};
/* End XCBuildConfiguration section */

/* Begin XCConfigurationList section */
		8E3D48C726D92A67008270B0 /* Build configuration list for PBXProject "Instagrid_app_autoLayout" */ = {
			isa = XCConfigurationList;
			buildConfigurations = (
				8E3D48DE26D92A67008270B0 /* Debug */,
				8E3D48DF26D92A67008270B0 /* Release */,
			);
			defaultConfigurationIsVisible = 0;
			defaultConfigurationName = Release;
		};
		8E3D48E026D92A67008270B0 /* Build configuration list for PBXNativeTarget "Instagrid_app_autoLayout" */ = {
			isa = XCConfigurationList;
			buildConfigurations = (
				8E3D48E126D92A67008270B0 /* Debug */,
				8E3D48E226D92A67008270B0 /* Release */,
			);
			defaultConfigurationIsVisible = 0;
			defaultConfigurationName = Release;
		};
/* End XCConfigurationList section */
	};
	rootObject = 8E3D48C426D92A67008270B0 /* Project object */;
}
